
Microsoft Visual Studio Solution File, Format Version 12.00
# Visual Studio Version 17
VisualStudioVersion = 17.9.34701.34
MinimumVisualStudioVersion = 10.0.40219.1
Project("{FAE04EC0-301F-11D3-BF4B-00C04F79EFBC}") = "SRMS", "SRMS\SRMS.csproj", "{F9D20829-6490-43C8-8D76-70B385DA7E72}"
EndProject
Project("{FAE04EC0-301F-11D3-BF4B-00C04F79EFBC}") = "Application", "Application\Application.csproj", "{C221F8A3-382A-44AB-B2A3-7F851AC54049}"
EndProject
Project("{FAE04EC0-301F-11D3-BF4B-00C04F79EFBC}") = "Infrastructure", "Infrastructure\Infrastructure.csproj", "{FED09033-65C7-4757-8B3B-B6D21D616C3B}"
EndProject
Project("{FAE04EC0-301F-11D3-BF4B-00C04F79EFBC}") = "Domain", "Domain\Domain.csproj", "{6FADA3A4-4B36-4374-BB0E-3ED1157975D1}"
EndProject
Global
	GlobalSection(SolutionConfigurationPlatforms) = preSolution
		Debug|Any CPU = Debug|Any CPU
		Release|Any CPU = Release|Any CPU
	EndGlobalSection
	GlobalSection(ProjectConfigurationPlatforms) = postSolution
		{F9D20829-6490-43C8-8D76-70B385DA7E72}.Debug|Any CPU.ActiveCfg = Debug|Any CPU
		{F9D20829-6490-43C8-8D76-70B385DA7E72}.Debug|Any CPU.Build.0 = Debug|Any CPU
		{F9D20829-6490-43C8-8D76-70B385DA7E72}.Release|Any CPU.ActiveCfg = Release|Any CPU
		{F9D20829-6490-43C8-8D76-70B385DA7E72}.Release|Any CPU.Build.0 = Release|Any CPU
		{C221F8A3-382A-44AB-B2A3-7F851AC54049}.Debug|Any CPU.ActiveCfg = Debug|Any CPU
		{C221F8A3-382A-44AB-B2A3-7F851AC54049}.Debug|Any CPU.Build.0 = Debug|Any CPU
		{C221F8A3-382A-44AB-B2A3-7F851AC54049}.Release|Any CPU.ActiveCfg = Release|Any CPU
		{C221F8A3-382A-44AB-B2A3-7F851AC54049}.Release|Any CPU.Build.0 = Release|Any CPU
		{FED09033-65C7-4757-8B3B-B6D21D616C3B}.Debug|Any CPU.ActiveCfg = Debug|Any CPU
		{FED09033-65C7-4757-8B3B-B6D21D616C3B}.Debug|Any CPU.Build.0 = Debug|Any CPU
		{FED09033-65C7-4757-8B3B-B6D21D616C3B}.Release|Any CPU.ActiveCfg = Release|Any CPU
		{FED09033-65C7-4757-8B3B-B6D21D616C3B}.Release|Any CPU.Build.0 = Release|Any CPU
		{6FADA3A4-4B36-4374-BB0E-3ED1157975D1}.Debug|Any CPU.ActiveCfg = Debug|Any CPU
		{6FADA3A4-4B36-4374-BB0E-3ED1157975D1}.Debug|Any CPU.Build.0 = Debug|Any CPU
		{6FADA3A4-4B36-4374-BB0E-3ED1157975D1}.Release|Any CPU.ActiveCfg = Release|Any CPU
		{6FADA3A4-4B36-4374-BB0E-3ED1157975D1}.Release|Any CPU.Build.0 = Release|Any CPU
	EndGlobalSection
	GlobalSection(SolutionProperties) = preSolution
		HideSolutionNode = FALSE
	EndGlobalSection
	GlobalSection(ExtensibilityGlobals) = postSolution
		SolutionGuid = {D6B7DD7C-EDE1-4F85-A9E3-5795D02BED04}
	EndGlobalSection
EndGlobal
